
Microsoft Visual Studio Solution File, Format Version 12.00
# Visual Studio Version 17
VisualStudioVersion = 17.8.34511.84
MinimumVisualStudioVersion = 10.0.40219.1
Project("{FAE04EC0-301F-11D3-BF4B-00C04F79EFBC}") = "TimerApplication", "TimerApplication\TimerApplication.csproj", "{3EDED8C1-C6EC-48F2-AD3F-D460FDBD9484}"
EndProject
Global
	GlobalSection(SolutionConfigurationPlatforms) = preSolution
		Debug|Any CPU = Debug|Any CPU
		Release|Any CPU = Release|Any CPU
	EndGlobalSection
	GlobalSection(ProjectConfigurationPlatforms) = postSolution
		{3EDED8C1-C6EC-48F2-AD3F-D460FDBD9484}.Debug|Any CPU.ActiveCfg = Debug|Any CPU
		{3EDED8C1-C6EC-48F2-AD3F-D460FDBD9484}.Debug|Any CPU.Build.0 = Debug|Any CPU
		{3EDED8C1-C6EC-48F2-AD3F-D460FDBD9484}.Release|Any CPU.ActiveCfg = Release|Any CPU
		{3EDED8C1-C6EC-48F2-AD3F-D460FDBD9484}.Release|Any CPU.Build.0 = Release|Any CPU
	EndGlobalSection
	GlobalSection(SolutionProperties) = preSolution
		HideSolutionNode = FALSE
	EndGlobalSection
	GlobalSection(ExtensibilityGlobals) = postSolution
		SolutionGuid = {68CB28D6-9FF4-4FA7-91F3-73A5ADE64F9B}
	EndGlobalSection
EndGlobal
